Microsoft Visual Studio Solution File, Format Version 12.00
# Visual Studio Version 16
VisualStudioVersion = 16.0.31321.278
MinimumVisualStudioVersion = 10.0.40219.1
Project("{9A19103F-16F7-4668-BE54-9A1E7A4F7556}") = "TaskManager", "TaskManager\TaskManager.csproj", "{1FF0047A-DF44-4D4E-844B-6D6B1806978E}"
EndProject
Project("{9A19103F-16F7-4668-BE54-9A1E7A4F7556}") = "TaskManager.UnitTests", "TaskManager.UnitTests\TaskManager.UnitTests.csproj", "{5ED2626B-7BF3-4429-9B56-1FAEED8BCC62}"
EndProject
Global
    GlobalSection(SolutionConfigurationPlatforms) = preSolution
        Debug|Any CPU = Debug|Any CPU
        Release|Any CPU = Release|Any CPU
    EndGlobalSection
    GlobalSection(ProjectConfigurationPlatforms) = postSolution
        {1FF0047A-DF44-4D4E-844B-6D6B1806978E}.Debug|Any CPU.ActiveCfg = Debug|Any CPU
        {1FF0047A-DF44-4D4E-844B-6D6B1806978E}.Debug|Any CPU.Build.0 = Debug|Any CPU
        {1FF0047A-DF44-4D4E-844B-6D6B1806978E}.Release|Any CPU.ActiveCfg = Release|Any CPU
        {1FF0047A-DF44-4D4E-844B-6D6B1806978E}.Release|Any CPU.Build.0 = Release|Any CPU
        {5ED2626B-7BF3-4429-9B56-1FAEED8BCC62}.Debug|Any CPU.ActiveCfg = Debug|Any CPU
        {5ED2626B-7BF3-4429-9B56-1FAEED8BCC62}.Debug|Any CPU.Build.0 = Debug|Any CPU
        {5ED2626B-7BF3-4429-9B56-1FAEED8BCC62}.Release|Any CPU.ActiveCfg = Release|Any CPU
        {5ED2626B-7BF3-4429-9B56-1FAEED8BCC62}.Release|Any CPU.Build.0 = Release|Any CPU
    EndGlobalSection
    GlobalSection(SolutionProperties) = preSolution
        HideSolutionNode = FALSE
    EndGlobalSection
    GlobalSection(ExtensibilityGlobals) = postSolution
        SolutionGuid = {365670C2-F044-46F4-9BA0-B252F64EE4BA}
    EndGlobalSection
EndGlobal